
Microsoft Visual Studio Solution File, Format Version 12.00
Project("{FAE04EC0-301F-11D3-BF4B-00C04F79EFBC}") = "Fitnet", "Fitnet\Fitnet.csproj", "{F794BA2B-0F1A-4D1C-93B8-32B916FDEDEC}"
EndProject
Project("{FAE04EC0-301F-11D3-BF4B-00C04F79EFBC}") = "Fitnet.Reports", "Fitnet.Reports\Fitnet.Reports.csproj", "{9A6E0883-EE26-4A50-9114-AF1EDD82EB94}"
EndProject
Project("{FAE04EC0-301F-11D3-BF4B-00C04F79EFBC}") = "Fitnet.Reports.IntegrationTests", "Fitnet.Reports.IntegrationTests\Fitnet.Reports.IntegrationTests.csproj", "{266CAE79-93FD-4D58-A2C2-8FF0BA94F1F3}"
EndProject
Project("{2150E333-8FDC-42A3-9474-1A3956D46DE8}") = "Reports", "Reports", "{7D3193F0-C731-4683-893F-53CE8087D7E2}"
EndProject
Project("{2150E333-8FDC-42A3-9474-1A3956D46DE8}") = "Passes", "Passes", "{732AD772-11C2-4DCC-B6DC-D59EABEF335B}"
EndProject
Project("{FAE04EC0-301F-11D3-BF4B-00C04F79EFBC}") = "Fitnet.Passes.Api", "Fitnet.Passes.Api\Fitnet.Passes.Api.csproj", "{BD63790A-A2CD-494F-BA6B-66FB43CA5461}"
EndProject
Project("{FAE04EC0-301F-11D3-BF4B-00C04F79EFBC}") = "Fitnet.Passes.DataAccess", "Fitnet.Passes.DataAccess\Fitnet.Passes.DataAccess.csproj", "{BE4822A9-64F1-449B-9EBE-918BAA67CD07}"
EndProject
Project("{FAE04EC0-301F-11D3-BF4B-00C04F79EFBC}") = "Fitnet.Passes.IntegrationTests", "Fitnet.Passes.IntegrationTests\Fitnet.Passes.IntegrationTests.csproj", "{C5DFEF2C-3AB4-4C7D-BFB5-097537FDA307}"
EndProject
Project("{FAE04EC0-301F-11D3-BF4B-00C04F79EFBC}") = "Fitnet.Passes.IntegrationEvents", "Fitnet.Passes.IntegrationEvents\Fitnet.Passes.IntegrationEvents.csproj", "{21F04FB0-FF1D-44A6-96F6-DA159C3ACFAF}"
EndProject
Project("{2150E333-8FDC-42A3-9474-1A3956D46DE8}") = "Offers", "Offers", "{8EFEF03A-A6B6-4FC6-A74C-B8D5A6889679}"
EndProject
Project("{FAE04EC0-301F-11D3-BF4B-00C04F79EFBC}") = "Fitnet.Offers.DataAccess", "Fitnet.Offers.DataAccess\Fitnet.Offers.DataAccess.csproj", "{0C2A9E59-8B9B-4DC7-9264-0557737EE8F7}"
EndProject
Project("{FAE04EC0-301F-11D3-BF4B-00C04F79EFBC}") = "Fitnet.Offers.Api", "Fitnet.Offers.Api\Fitnet.Offers.Api.csproj", "{EC3AC27C-CC76-41E5-80DF-D9676F639DB5}"
EndProject
Project("{2150E333-8FDC-42A3-9474-1A3956D46DE8}") = "Tests", "Tests", "{B834E435-6093-4174-9AC1-10D2E7398D31}"
EndProject
Project("{2150E333-8FDC-42A3-9474-1A3956D46DE8}") = "Tests", "Tests", "{C8E0FB37-A103-45A9-ADCE-0FF98CA00DB1}"
EndProject
Project("{FAE04EC0-301F-11D3-BF4B-00C04F79EFBC}") = "Fitnet.Offers.IntegrationTests", "Fitnet.Offers.IntegrationTests\Fitnet.Offers.IntegrationTests.csproj", "{6F35EF11-6B3C-4D12-9017-94C2BCC690EA}"
EndProject
Project("{2150E333-8FDC-42A3-9474-1A3956D46DE8}") = "Tests", "Tests", "{EF30C337-A488-40BB-B774-48D7F0106FB8}"
EndProject
Project("{2150E333-8FDC-42A3-9474-1A3956D46DE8}") = "Common", "Common", "{D56C1D8C-475D-488A-9C0E-3AC87417EDA6}"
EndProject
Project("{FAE04EC0-301F-11D3-BF4B-00C04F79EFBC}") = "Fitnet.Contracts.IntegrationEvents", "Fitnet.Contracts.IntegrationEvents\Fitnet.Contracts.IntegrationEvents.csproj", "{8CDF70E2-D3E5-4F08-B42F-E6981A04BFFE}"
EndProject
Global
	GlobalSection(SolutionConfigurationPlatforms) = preSolution
		Debug|Any CPU = Debug|Any CPU
		Release|Any CPU = Release|Any CPU
	EndGlobalSection
	GlobalSection(ProjectConfigurationPlatforms) = postSolution
		{F794BA2B-0F1A-4D1C-93B8-32B916FDEDEC}.Debug|Any CPU.ActiveCfg = Debug|Any CPU
		{F794BA2B-0F1A-4D1C-93B8-32B916FDEDEC}.Debug|Any CPU.Build.0 = Debug|Any CPU
		{F794BA2B-0F1A-4D1C-93B8-32B916FDEDEC}.Release|Any CPU.ActiveCfg = Release|Any CPU
		{F794BA2B-0F1A-4D1C-93B8-32B916FDEDEC}.Release|Any CPU.Build.0 = Release|Any CPU
		{9A6E0883-EE26-4A50-9114-AF1EDD82EB94}.Debug|Any CPU.ActiveCfg = Debug|Any CPU
		{9A6E0883-EE26-4A50-9114-AF1EDD82EB94}.Debug|Any CPU.Build.0 = Debug|Any CPU
		{9A6E0883-EE26-4A50-9114-AF1EDD82EB94}.Release|Any CPU.ActiveCfg = Release|Any CPU
		{9A6E0883-EE26-4A50-9114-AF1EDD82EB94}.Release|Any CPU.Build.0 = Release|Any CPU
		{266CAE79-93FD-4D58-A2C2-8FF0BA94F1F3}.Debug|Any CPU.ActiveCfg = Debug|Any CPU
		{266CAE79-93FD-4D58-A2C2-8FF0BA94F1F3}.Debug|Any CPU.Build.0 = Debug|Any CPU
		{266CAE79-93FD-4D58-A2C2-8FF0BA94F1F3}.Release|Any CPU.ActiveCfg = Release|Any CPU
		{266CAE79-93FD-4D58-A2C2-8FF0BA94F1F3}.Release|Any CPU.Build.0 = Release|Any CPU
		{BD63790A-A2CD-494F-BA6B-66FB43CA5461}.Debug|Any CPU.ActiveCfg = Debug|Any CPU
		{BD63790A-A2CD-494F-BA6B-66FB43CA5461}.Debug|Any CPU.Build.0 = Debug|Any CPU
		{BD63790A-A2CD-494F-BA6B-66FB43CA5461}.Release|Any CPU.ActiveCfg = Release|Any CPU
		{BD63790A-A2CD-494F-BA6B-66FB43CA5461}.Release|Any CPU.Build.0 = Release|Any CPU
		{BE4822A9-64F1-449B-9EBE-918BAA67CD07}.Debug|Any CPU.ActiveCfg = Debug|Any CPU
		{BE4822A9-64F1-449B-9EBE-918BAA67CD07}.Debug|Any CPU.Build.0 = Debug|Any CPU
		{BE4822A9-64F1-449B-9EBE-918BAA67CD07}.Release|Any CPU.ActiveCfg = Release|Any CPU
		{BE4822A9-64F1-449B-9EBE-918BAA67CD07}.Release|Any CPU.Build.0 = Release|Any CPU
		{C5DFEF2C-3AB4-4C7D-BFB5-097537FDA307}.Debug|Any CPU.ActiveCfg = Debug|Any CPU
		{C5DFEF2C-3AB4-4C7D-BFB5-097537FDA307}.Debug|Any CPU.Build.0 = Debug|Any CPU
		{C5DFEF2C-3AB4-4C7D-BFB5-097537FDA307}.Release|Any CPU.ActiveCfg = Release|Any CPU
		{C5DFEF2C-3AB4-4C7D-BFB5-097537FDA307}.Release|Any CPU.Build.0 = Release|Any CPU
		{21F04FB0-FF1D-44A6-96F6-DA159C3ACFAF}.Debug|Any CPU.ActiveCfg = Debug|Any CPU
		{21F04FB0-FF1D-44A6-96F6-DA159C3ACFAF}.Debug|Any CPU.Build.0 = Debug|Any CPU
		{21F04FB0-FF1D-44A6-96F6-DA159C3ACFAF}.Release|Any CPU.ActiveCfg = Release|Any CPU
		{21F04FB0-FF1D-44A6-96F6-DA159C3ACFAF}.Release|Any CPU.Build.0 = Release|Any CPU
		{0C2A9E59-8B9B-4DC7-9264-0557737EE8F7}.Debug|Any CPU.ActiveCfg = Debug|Any CPU
		{0C2A9E59-8B9B-4DC7-9264-0557737EE8F7}.Debug|Any CPU.Build.0 = Debug|Any CPU
		{0C2A9E59-8B9B-4DC7-9264-0557737EE8F7}.Release|Any CPU.ActiveCfg = Release|Any CPU
		{0C2A9E59-8B9B-4DC7-9264-0557737EE8F7}.Release|Any CPU.Build.0 = Release|Any CPU
		{EC3AC27C-CC76-41E5-80DF-D9676F639DB5}.Debug|Any CPU.ActiveCfg = Debug|Any CPU
		{EC3AC27C-CC76-41E5-80DF-D9676F639DB5}.Debug|Any CPU.Build.0 = Debug|Any CPU
		{EC3AC27C-CC76-41E5-80DF-D9676F639DB5}.Release|Any CPU.ActiveCfg = Release|Any CPU
		{EC3AC27C-CC76-41E5-80DF-D9676F639DB5}.Release|Any CPU.Build.0 = Release|Any CPU
		{6F35EF11-6B3C-4D12-9017-94C2BCC690EA}.Debug|Any CPU.ActiveCfg = Debug|Any CPU
		{6F35EF11-6B3C-4D12-9017-94C2BCC690EA}.Debug|Any CPU.Build.0 = Debug|Any CPU
		{6F35EF11-6B3C-4D12-9017-94C2BCC690EA}.Release|Any CPU.ActiveCfg = Release|Any CPU
		{6F35EF11-6B3C-4D12-9017-94C2BCC690EA}.Release|Any CPU.Build.0 = Release|Any CPU
		{8CDF70E2-D3E5-4F08-B42F-E6981A04BFFE}.Debug|Any CPU.ActiveCfg = Debug|Any CPU
		{8CDF70E2-D3E5-4F08-B42F-E6981A04BFFE}.Debug|Any CPU.Build.0 = Debug|Any CPU
		{8CDF70E2-D3E5-4F08-B42F-E6981A04BFFE}.Release|Any CPU.ActiveCfg = Release|Any CPU
		{8CDF70E2-D3E5-4F08-B42F-E6981A04BFFE}.Release|Any CPU.Build.0 = Release|Any CPU
	EndGlobalSection
	GlobalSection(NestedProjects) = preSolution
		{9A6E0883-EE26-4A50-9114-AF1EDD82EB94} = {7D3193F0-C731-4683-893F-53CE8087D7E2}
		{BD63790A-A2CD-494F-BA6B-66FB43CA5461} = {732AD772-11C2-4DCC-B6DC-D59EABEF335B}
		{BE4822A9-64F1-449B-9EBE-918BAA67CD07} = {732AD772-11C2-4DCC-B6DC-D59EABEF335B}
		{21F04FB0-FF1D-44A6-96F6-DA159C3ACFAF} = {732AD772-11C2-4DCC-B6DC-D59EABEF335B}
		{0C2A9E59-8B9B-4DC7-9264-0557737EE8F7} = {8EFEF03A-A6B6-4FC6-A74C-B8D5A6889679}
		{EC3AC27C-CC76-41E5-80DF-D9676F639DB5} = {8EFEF03A-A6B6-4FC6-A74C-B8D5A6889679}
		{B834E435-6093-4174-9AC1-10D2E7398D31} = {732AD772-11C2-4DCC-B6DC-D59EABEF335B}
		{C5DFEF2C-3AB4-4C7D-BFB5-097537FDA307} = {B834E435-6093-4174-9AC1-10D2E7398D31}
		{C8E0FB37-A103-45A9-ADCE-0FF98CA00DB1} = {8EFEF03A-A6B6-4FC6-A74C-B8D5A6889679}
		{6F35EF11-6B3C-4D12-9017-94C2BCC690EA} = {C8E0FB37-A103-45A9-ADCE-0FF98CA00DB1}
		{EF30C337-A488-40BB-B774-48D7F0106FB8} = {7D3193F0-C731-4683-893F-53CE8087D7E2}
		{266CAE79-93FD-4D58-A2C2-8FF0BA94F1F3} = {EF30C337-A488-40BB-B774-48D7F0106FB8}
		{8CDF70E2-D3E5-4F08-B42F-E6981A04BFFE} = {D56C1D8C-475D-488A-9C0E-3AC87417EDA6}
	EndGlobalSection
EndGlobal
