
Microsoft Visual Studio Solution File, Format Version 12.00
Project("{FAE04EC0-301F-11D3-BF4B-00C04F79EFBC}") = "Fitnet", "Fitnet\Fitnet.csproj", "{F794BA2B-0F1A-4D1C-93B8-32B916FDEDEC}"
EndProject
Project("{FAE04EC0-301F-11D3-BF4B-00C04F79EFBC}") = "Fitnet.IntegrationTests", "Fitnet.IntegrationTests\Fitnet.IntegrationTests.csproj", "{219A3E1D-3F5B-4D06-B912-DB9080F819F0}"
EndProject
Project("{FAE04EC0-301F-11D3-BF4B-00C04F79EFBC}") = "Fitnet.UnitTests", "Fitnet.UnitTests\Fitnet.UnitTests.csproj", "{2AF7D557-C925-4EEE-A935-8FB8D0B1A5C7}"
EndProject
Project("{FAE04EC0-301F-11D3-BF4B-00C04F79EFBC}") = "Fitnet.Reports", "Fitnet.Reports\Fitnet.Reports.csproj", "{9A6E0883-EE26-4A50-9114-AF1EDD82EB94}"
EndProject
Project("{FAE04EC0-301F-11D3-BF4B-00C04F79EFBC}") = "Fitnet.Reports.IntegrationTests", "Fitnet.Reports.IntegrationTests\Fitnet.Reports.IntegrationTests.csproj", "{266CAE79-93FD-4D58-A2C2-8FF0BA94F1F3}"
EndProject
Project("{2150E333-8FDC-42A3-9474-1A3956D46DE8}") = "Reports", "Reports", "{7D3193F0-C731-4683-893F-53CE8087D7E2}"
EndProject
Project("{2150E333-8FDC-42A3-9474-1A3956D46DE8}") = "Common", "Common", "{8ECA26D2-A5A3-4CC5-BED7-F33422EACEAF}"
Project("{2150E333-8FDC-42A3-9474-1A3956D46DE8}") = "Contracts", "Contracts", "{1DD15708-BB12-49FA-A259-F8BC147FD57F}"
EndProject
Project("{FAE04EC0-301F-11D3-BF4B-00C04F79EFBC}") = "Fitnet.Common.Api", "Fitnet.Common.Api\Fitnet.Common.Api.csproj", "{B1C5A9F4-AE1F-40D5-AA07-3BCC5E7D22AC}"
EndProject
Project("{FAE04EC0-301F-11D3-BF4B-00C04F79EFBC}") = "Fitnet.Common.Infrastructure", "Fitnet.Common.Infrastructure\Fitnet.Common.Infrastructure.csproj", "{2C77D377-30F5-40C9-81CF-43E644427A03}"
EndProject
Project("{FAE04EC0-301F-11D3-BF4B-00C04F79EFBC}") = "Fitnet.Contracts.Api", "Fitnet.Contracts.Api\Fitnet.Contracts.Api.csproj", "{B070E263-F998-4086-B16B-BD467652C219}"
EndProject
Project("{FAE04EC0-301F-11D3-BF4B-00C04F79EFBC}") = "Fitnet.Contracts.Application", "Fitnet.Contracts.Application\Fitnet.Contracts.Application.csproj", "{C7048CE6-7C8E-4C73-88A7-7119485ADFA8}"
EndProject
Project("{FAE04EC0-301F-11D3-BF4B-00C04F79EFBC}") = "Fitnet.Contracts.Core", "Fitnet.Contracts.Core\Fitnet.Contracts.Core.csproj", "{D929AB99-422E-4024-AC29-9CB89A652F24}"
EndProject
Project("{FAE04EC0-301F-11D3-BF4B-00C04F79EFBC}") = "Fitnet.Contracts.Infrastructure", "Fitnet.Contracts.Infrastructure\Fitnet.Contracts.Infrastructure.csproj", "{01B268D3-BBAE-4DA3-B9AB-B04216A2E2D6}"
EndProject
Global
	GlobalSection(SolutionConfigurationPlatforms) = preSolution
		Debug|Any CPU = Debug|Any CPU
		Release|Any CPU = Release|Any CPU
	EndGlobalSection
	GlobalSection(ProjectConfigurationPlatforms) = postSolution
		{F794BA2B-0F1A-4D1C-93B8-32B916FDEDEC}.Debug|Any CPU.ActiveCfg = Debug|Any CPU
		{F794BA2B-0F1A-4D1C-93B8-32B916FDEDEC}.Debug|Any CPU.Build.0 = Debug|Any CPU
		{F794BA2B-0F1A-4D1C-93B8-32B916FDEDEC}.Release|Any CPU.ActiveCfg = Release|Any CPU
		{F794BA2B-0F1A-4D1C-93B8-32B916FDEDEC}.Release|Any CPU.Build.0 = Release|Any CPU
		{219A3E1D-3F5B-4D06-B912-DB9080F819F0}.Debug|Any CPU.ActiveCfg = Debug|Any CPU
		{219A3E1D-3F5B-4D06-B912-DB9080F819F0}.Debug|Any CPU.Build.0 = Debug|Any CPU
		{219A3E1D-3F5B-4D06-B912-DB9080F819F0}.Release|Any CPU.ActiveCfg = Release|Any CPU
		{219A3E1D-3F5B-4D06-B912-DB9080F819F0}.Release|Any CPU.Build.0 = Release|Any CPU
		{2AF7D557-C925-4EEE-A935-8FB8D0B1A5C7}.Debug|Any CPU.ActiveCfg = Debug|Any CPU
		{2AF7D557-C925-4EEE-A935-8FB8D0B1A5C7}.Debug|Any CPU.Build.0 = Debug|Any CPU
		{2AF7D557-C925-4EEE-A935-8FB8D0B1A5C7}.Release|Any CPU.ActiveCfg = Release|Any CPU
		{2AF7D557-C925-4EEE-A935-8FB8D0B1A5C7}.Release|Any CPU.Build.0 = Release|Any CPU
		{9A6E0883-EE26-4A50-9114-AF1EDD82EB94}.Debug|Any CPU.ActiveCfg = Debug|Any CPU
		{9A6E0883-EE26-4A50-9114-AF1EDD82EB94}.Debug|Any CPU.Build.0 = Debug|Any CPU
		{9A6E0883-EE26-4A50-9114-AF1EDD82EB94}.Release|Any CPU.ActiveCfg = Release|Any CPU
		{9A6E0883-EE26-4A50-9114-AF1EDD82EB94}.Release|Any CPU.Build.0 = Release|Any CPU
		{266CAE79-93FD-4D58-A2C2-8FF0BA94F1F3}.Debug|Any CPU.ActiveCfg = Debug|Any CPU
		{266CAE79-93FD-4D58-A2C2-8FF0BA94F1F3}.Debug|Any CPU.Build.0 = Debug|Any CPU
		{266CAE79-93FD-4D58-A2C2-8FF0BA94F1F3}.Release|Any CPU.ActiveCfg = Release|Any CPU
		{266CAE79-93FD-4D58-A2C2-8FF0BA94F1F3}.Release|Any CPU.Build.0 = Release|Any CPU
		{B070E263-F998-4086-B16B-BD467652C219}.Debug|Any CPU.ActiveCfg = Debug|Any CPU
		{B070E263-F998-4086-B16B-BD467652C219}.Debug|Any CPU.Build.0 = Debug|Any CPU
		{B070E263-F998-4086-B16B-BD467652C219}.Release|Any CPU.ActiveCfg = Release|Any CPU
		{B070E263-F998-4086-B16B-BD467652C219}.Release|Any CPU.Build.0 = Release|Any CPU
		{C7048CE6-7C8E-4C73-88A7-7119485ADFA8}.Debug|Any CPU.ActiveCfg = Debug|Any CPU
		{C7048CE6-7C8E-4C73-88A7-7119485ADFA8}.Debug|Any CPU.Build.0 = Debug|Any CPU
		{C7048CE6-7C8E-4C73-88A7-7119485ADFA8}.Release|Any CPU.ActiveCfg = Release|Any CPU
		{C7048CE6-7C8E-4C73-88A7-7119485ADFA8}.Release|Any CPU.Build.0 = Release|Any CPU
		{D929AB99-422E-4024-AC29-9CB89A652F24}.Debug|Any CPU.ActiveCfg = Debug|Any CPU
		{D929AB99-422E-4024-AC29-9CB89A652F24}.Debug|Any CPU.Build.0 = Debug|Any CPU
		{D929AB99-422E-4024-AC29-9CB89A652F24}.Release|Any CPU.ActiveCfg = Release|Any CPU
		{D929AB99-422E-4024-AC29-9CB89A652F24}.Release|Any CPU.Build.0 = Release|Any CPU
		{01B268D3-BBAE-4DA3-B9AB-B04216A2E2D6}.Debug|Any CPU.ActiveCfg = Debug|Any CPU
		{01B268D3-BBAE-4DA3-B9AB-B04216A2E2D6}.Debug|Any CPU.Build.0 = Debug|Any CPU
		{01B268D3-BBAE-4DA3-B9AB-B04216A2E2D6}.Release|Any CPU.ActiveCfg = Release|Any CPU
		{01B268D3-BBAE-4DA3-B9AB-B04216A2E2D6}.Release|Any CPU.Build.0 = Release|Any CPU
		{B1C5A9F4-AE1F-40D5-AA07-3BCC5E7D22AC}.Debug|Any CPU.ActiveCfg = Debug|Any CPU
		{B1C5A9F4-AE1F-40D5-AA07-3BCC5E7D22AC}.Debug|Any CPU.Build.0 = Debug|Any CPU
		{B1C5A9F4-AE1F-40D5-AA07-3BCC5E7D22AC}.Release|Any CPU.ActiveCfg = Release|Any CPU
		{B1C5A9F4-AE1F-40D5-AA07-3BCC5E7D22AC}.Release|Any CPU.Build.0 = Release|Any CPU
		{2C77D377-30F5-40C9-81CF-43E644427A03}.Debug|Any CPU.ActiveCfg = Debug|Any CPU
		{2C77D377-30F5-40C9-81CF-43E644427A03}.Debug|Any CPU.Build.0 = Debug|Any CPU
		{2C77D377-30F5-40C9-81CF-43E644427A03}.Release|Any CPU.ActiveCfg = Release|Any CPU
		{2C77D377-30F5-40C9-81CF-43E644427A03}.Release|Any CPU.Build.0 = Release|Any CPU
	EndGlobalSection
	GlobalSection(NestedProjects) = preSolution
		{9A6E0883-EE26-4A50-9114-AF1EDD82EB94} = {7D3193F0-C731-4683-893F-53CE8087D7E2}
		{266CAE79-93FD-4D58-A2C2-8FF0BA94F1F3} = {7D3193F0-C731-4683-893F-53CE8087D7E2}
		{B070E263-F998-4086-B16B-BD467652C219} = {1DD15708-BB12-49FA-A259-F8BC147FD57F}
		{C7048CE6-7C8E-4C73-88A7-7119485ADFA8} = {1DD15708-BB12-49FA-A259-F8BC147FD57F}
		{D929AB99-422E-4024-AC29-9CB89A652F24} = {1DD15708-BB12-49FA-A259-F8BC147FD57F}
		{01B268D3-BBAE-4DA3-B9AB-B04216A2E2D6} = {1DD15708-BB12-49FA-A259-F8BC147FD57F}
		{B1C5A9F4-AE1F-40D5-AA07-3BCC5E7D22AC} = {8ECA26D2-A5A3-4CC5-BED7-F33422EACEAF}
		{2C77D377-30F5-40C9-81CF-43E644427A03} = {8ECA26D2-A5A3-4CC5-BED7-F33422EACEAF}
	EndGlobalSection
EndGlobal
