
Microsoft Visual Studio Solution File, Format Version 12.00
Project("{FAE04EC0-301F-11D3-BF4B-00C04F79EFBC}") = "Fitnet", "Fitnet\Fitnet.csproj", "{F794BA2B-0F1A-4D1C-93B8-32B916FDEDEC}"
EndProject
Project("{2150E333-8FDC-42A3-9474-1A3956D46DE8}") = "Reports", "Reports", "{7D3193F0-C731-4683-893F-53CE8087D7E2}"
EndProject
Project("{2150E333-8FDC-42A3-9474-1A3956D46DE8}") = "Passes", "Passes", "{732AD772-11C2-4DCC-B6DC-D59EABEF335B}"
EndProject
Project("{2150E333-8FDC-42A3-9474-1A3956D46DE8}") = "Offers", "Offers", "{8EFEF03A-A6B6-4FC6-A74C-B8D5A6889679}"
EndProject
Project("{2150E333-8FDC-42A3-9474-1A3956D46DE8}") = "Tests", "Tests", "{B834E435-6093-4174-9AC1-10D2E7398D31}"
EndProject
Project("{2150E333-8FDC-42A3-9474-1A3956D46DE8}") = "Tests", "Tests", "{C8E0FB37-A103-45A9-ADCE-0FF98CA00DB1}"
EndProject
Project("{2150E333-8FDC-42A3-9474-1A3956D46DE8}") = "Tests", "Tests", "{EF30C337-A488-40BB-B774-48D7F0106FB8}"
EndProject
Project("{FAE04EC0-301F-11D3-BF4B-00C04F79EFBC}") = "Fitnet.Offers.Api", "Offers\Fitnet.Offers.Api\Fitnet.Offers.Api.csproj", "{E104E7B5-2AFD-4C63-995E-A64D4829F280}"
EndProject
Project("{FAE04EC0-301F-11D3-BF4B-00C04F79EFBC}") = "Fitnet.Offers.DataAccess", "Offers\Fitnet.Offers.DataAccess\Fitnet.Offers.DataAccess.csproj", "{C4ECAA9E-78CE-40D6-806A-936CDC5137DB}"
EndProject
Project("{FAE04EC0-301F-11D3-BF4B-00C04F79EFBC}") = "Fitnet.Offers.IntegrationTests", "Offers\Tests\Fitnet.Offers.IntegrationTests\Fitnet.Offers.IntegrationTests.csproj", "{9519150F-8551-4495-BAE2-C27FBE5941C5}"
EndProject
Project("{FAE04EC0-301F-11D3-BF4B-00C04F79EFBC}") = "Fitnet.Passes.Api", "Passes\Fitnet.Passes.Api\Fitnet.Passes.Api.csproj", "{1D4565FB-08E5-43F2-82D3-797285CD32BA}"
EndProject
Project("{FAE04EC0-301F-11D3-BF4B-00C04F79EFBC}") = "Fitnet.Passes.DataAccess", "Passes\Fitnet.Passes.DataAccess\Fitnet.Passes.DataAccess.csproj", "{1DA5AD76-13A7-4C62-A26E-A7D4B821D240}"
EndProject
Project("{FAE04EC0-301F-11D3-BF4B-00C04F79EFBC}") = "Fitnet.Passes.IntegrationEvents", "Passes\Fitnet.Passes.IntegrationEvents\Fitnet.Passes.IntegrationEvents.csproj", "{89324825-A7A4-4435-8BCC-FF0AF1D0C062}"
EndProject
Project("{FAE04EC0-301F-11D3-BF4B-00C04F79EFBC}") = "Fitnet.Passes.IntegrationTests", "Passes\Tests\Fitnet.Passes.IntegrationTests\Fitnet.Passes.IntegrationTests.csproj", "{14921CCC-31C9-4AA1-B9E9-81E23DE2FED1}"
EndProject
Project("{FAE04EC0-301F-11D3-BF4B-00C04F79EFBC}") = "Fitnet.Reports.IntegrationTests", "Reports\Tests\Fitnet.Reports.IntegrationTests\Fitnet.Reports.IntegrationTests.csproj", "{406F5F6C-2BAD-4447-8A45-0E9954CA9168}"
EndProject
Project("{FAE04EC0-301F-11D3-BF4B-00C04F79EFBC}") = "Fitnet.Reports", "Reports\Fitnet.Reports\Fitnet.Reports.csproj", "{76B919C8-0434-4A54-AFD3-07F817CCEC38}"
EndProject
Global
	GlobalSection(SolutionConfigurationPlatforms) = preSolution
		Debug|Any CPU = Debug|Any CPU
		Release|Any CPU = Release|Any CPU
	EndGlobalSection
	GlobalSection(ProjectConfigurationPlatforms) = postSolution
		{F794BA2B-0F1A-4D1C-93B8-32B916FDEDEC}.Debug|Any CPU.ActiveCfg = Debug|Any CPU
		{F794BA2B-0F1A-4D1C-93B8-32B916FDEDEC}.Debug|Any CPU.Build.0 = Debug|Any CPU
		{F794BA2B-0F1A-4D1C-93B8-32B916FDEDEC}.Release|Any CPU.ActiveCfg = Release|Any CPU
		{F794BA2B-0F1A-4D1C-93B8-32B916FDEDEC}.Release|Any CPU.Build.0 = Release|Any CPU
		{E104E7B5-2AFD-4C63-995E-A64D4829F280}.Debug|Any CPU.ActiveCfg = Debug|Any CPU
		{E104E7B5-2AFD-4C63-995E-A64D4829F280}.Debug|Any CPU.Build.0 = Debug|Any CPU
		{E104E7B5-2AFD-4C63-995E-A64D4829F280}.Release|Any CPU.ActiveCfg = Release|Any CPU
		{E104E7B5-2AFD-4C63-995E-A64D4829F280}.Release|Any CPU.Build.0 = Release|Any CPU
		{C4ECAA9E-78CE-40D6-806A-936CDC5137DB}.Debug|Any CPU.ActiveCfg = Debug|Any CPU
		{C4ECAA9E-78CE-40D6-806A-936CDC5137DB}.Debug|Any CPU.Build.0 = Debug|Any CPU
		{C4ECAA9E-78CE-40D6-806A-936CDC5137DB}.Release|Any CPU.ActiveCfg = Release|Any CPU
		{C4ECAA9E-78CE-40D6-806A-936CDC5137DB}.Release|Any CPU.Build.0 = Release|Any CPU
		{9519150F-8551-4495-BAE2-C27FBE5941C5}.Debug|Any CPU.ActiveCfg = Debug|Any CPU
		{9519150F-8551-4495-BAE2-C27FBE5941C5}.Debug|Any CPU.Build.0 = Debug|Any CPU
		{9519150F-8551-4495-BAE2-C27FBE5941C5}.Release|Any CPU.ActiveCfg = Release|Any CPU
		{9519150F-8551-4495-BAE2-C27FBE5941C5}.Release|Any CPU.Build.0 = Release|Any CPU
		{1D4565FB-08E5-43F2-82D3-797285CD32BA}.Debug|Any CPU.ActiveCfg = Debug|Any CPU
		{1D4565FB-08E5-43F2-82D3-797285CD32BA}.Debug|Any CPU.Build.0 = Debug|Any CPU
		{1D4565FB-08E5-43F2-82D3-797285CD32BA}.Release|Any CPU.ActiveCfg = Release|Any CPU
		{1D4565FB-08E5-43F2-82D3-797285CD32BA}.Release|Any CPU.Build.0 = Release|Any CPU
		{1DA5AD76-13A7-4C62-A26E-A7D4B821D240}.Debug|Any CPU.ActiveCfg = Debug|Any CPU
		{1DA5AD76-13A7-4C62-A26E-A7D4B821D240}.Debug|Any CPU.Build.0 = Debug|Any CPU
		{1DA5AD76-13A7-4C62-A26E-A7D4B821D240}.Release|Any CPU.ActiveCfg = Release|Any CPU
		{1DA5AD76-13A7-4C62-A26E-A7D4B821D240}.Release|Any CPU.Build.0 = Release|Any CPU
		{89324825-A7A4-4435-8BCC-FF0AF1D0C062}.Debug|Any CPU.ActiveCfg = Debug|Any CPU
		{89324825-A7A4-4435-8BCC-FF0AF1D0C062}.Debug|Any CPU.Build.0 = Debug|Any CPU
		{89324825-A7A4-4435-8BCC-FF0AF1D0C062}.Release|Any CPU.ActiveCfg = Release|Any CPU
		{89324825-A7A4-4435-8BCC-FF0AF1D0C062}.Release|Any CPU.Build.0 = Release|Any CPU
		{14921CCC-31C9-4AA1-B9E9-81E23DE2FED1}.Debug|Any CPU.ActiveCfg = Debug|Any CPU
		{14921CCC-31C9-4AA1-B9E9-81E23DE2FED1}.Debug|Any CPU.Build.0 = Debug|Any CPU
		{14921CCC-31C9-4AA1-B9E9-81E23DE2FED1}.Release|Any CPU.ActiveCfg = Release|Any CPU
		{14921CCC-31C9-4AA1-B9E9-81E23DE2FED1}.Release|Any CPU.Build.0 = Release|Any CPU
		{406F5F6C-2BAD-4447-8A45-0E9954CA9168}.Debug|Any CPU.ActiveCfg = Debug|Any CPU
		{406F5F6C-2BAD-4447-8A45-0E9954CA9168}.Debug|Any CPU.Build.0 = Debug|Any CPU
		{406F5F6C-2BAD-4447-8A45-0E9954CA9168}.Release|Any CPU.ActiveCfg = Release|Any CPU
		{406F5F6C-2BAD-4447-8A45-0E9954CA9168}.Release|Any CPU.Build.0 = Release|Any CPU
		{76B919C8-0434-4A54-AFD3-07F817CCEC38}.Debug|Any CPU.ActiveCfg = Debug|Any CPU
		{76B919C8-0434-4A54-AFD3-07F817CCEC38}.Debug|Any CPU.Build.0 = Debug|Any CPU
		{76B919C8-0434-4A54-AFD3-07F817CCEC38}.Release|Any CPU.ActiveCfg = Release|Any CPU
		{76B919C8-0434-4A54-AFD3-07F817CCEC38}.Release|Any CPU.Build.0 = Release|Any CPU
	EndGlobalSection
	GlobalSection(NestedProjects) = preSolution
		{B834E435-6093-4174-9AC1-10D2E7398D31} = {732AD772-11C2-4DCC-B6DC-D59EABEF335B}
		{C8E0FB37-A103-45A9-ADCE-0FF98CA00DB1} = {8EFEF03A-A6B6-4FC6-A74C-B8D5A6889679}
		{EF30C337-A488-40BB-B774-48D7F0106FB8} = {7D3193F0-C731-4683-893F-53CE8087D7E2}
		{E104E7B5-2AFD-4C63-995E-A64D4829F280} = {8EFEF03A-A6B6-4FC6-A74C-B8D5A6889679}
		{C4ECAA9E-78CE-40D6-806A-936CDC5137DB} = {8EFEF03A-A6B6-4FC6-A74C-B8D5A6889679}
		{9519150F-8551-4495-BAE2-C27FBE5941C5} = {C8E0FB37-A103-45A9-ADCE-0FF98CA00DB1}
		{1D4565FB-08E5-43F2-82D3-797285CD32BA} = {732AD772-11C2-4DCC-B6DC-D59EABEF335B}
		{1DA5AD76-13A7-4C62-A26E-A7D4B821D240} = {732AD772-11C2-4DCC-B6DC-D59EABEF335B}
		{89324825-A7A4-4435-8BCC-FF0AF1D0C062} = {732AD772-11C2-4DCC-B6DC-D59EABEF335B}
		{14921CCC-31C9-4AA1-B9E9-81E23DE2FED1} = {B834E435-6093-4174-9AC1-10D2E7398D31}
		{406F5F6C-2BAD-4447-8A45-0E9954CA9168} = {EF30C337-A488-40BB-B774-48D7F0106FB8}
		{76B919C8-0434-4A54-AFD3-07F817CCEC38} = {7D3193F0-C731-4683-893F-53CE8087D7E2}
	EndGlobalSection
EndGlobal
